
Microsoft Visual Studio Solution File, Format Version 12.00
# Visual Studio Version 16
VisualStudioVersion = 16.0.34301.259
MinimumVisualStudioVersion = 10.0.40219.1
Project("{FAE04EC0-301F-11D3-BF4B-00C04F79EFBC}") = "Zadanie  22", "Zadanie  22\Zadanie  22.csproj", "{564DA782-6B9C-4FFB-80BA-58167F26167E}"
EndProject
Global
	GlobalSection(SolutionConfigurationPlatforms) = preSolution
		Debug|Any CPU = Debug|Any CPU
		Release|Any CPU = Release|Any CPU
	EndGlobalSection
	GlobalSection(ProjectConfigurationPlatforms) = postSolution
		{564DA782-6B9C-4FFB-80BA-58167F26167E}.Debug|Any CPU.ActiveCfg = Debug|Any CPU
		{564DA782-6B9C-4FFB-80BA-58167F26167E}.Debug|Any CPU.Build.0 = Debug|Any CPU
		{564DA782-6B9C-4FFB-80BA-58167F26167E}.Release|Any CPU.ActiveCfg = Release|Any CPU
		{564DA782-6B9C-4FFB-80BA-58167F26167E}.Release|Any CPU.Build.0 = Release|Any CPU
	EndGlobalSection
	GlobalSection(SolutionProperties) = preSolution
		HideSolutionNode = FALSE
	EndGlobalSection
	GlobalSection(ExtensibilityGlobals) = postSolution
		SolutionGuid = {B8B38216-83CD-4918-BB84-6B9E58DAE017}
	EndGlobalSection
EndGlobal
